{
  "pins" : [
    {
      "identity" : "customcomponentssdk",
      "kind" : "remoteSourceControl",
      "location" : "https://github.com/alecomparini-dev/CustomComponentsSDK.git",
      "state" : {
        "branch" : "develop",
        "revision" : "618f051bc78f368b760d3186f9516cb5d59f8434"
      }
    }
  ],
  "version" : 2
}
