{
  "pins" : [
    {
      "identity" : "customcomponentssdk",
      "kind" : "remoteSourceControl",
      "location" : "https://github.com/alecomparini-dev/CustomComponentsSDK.git",
      "state" : {
        "branch" : "develop",
        "revision" : "da956ac3521b8996306111977659f98c40f28525"
      }
    }
  ],
  "version" : 2
}
