{
  "pins" : [
    {
      "identity" : "customcomponentssdk",
      "kind" : "remoteSourceControl",
      "location" : "https://github.com/alecomparini-dev/CustomComponentsSDK.git",
      "state" : {
        "branch" : "develop",
        "revision" : "22157afcabc8af4504e1b7797bd862b231fbb3b7"
      }
    }
  ],
  "version" : 2
}
